{
    "_readme": [
        "This file locks the dependencies of your project to a known state",
        "Read more about it at https://getcomposer.org/doc/01-basic-usage.md#composer-lock-the-lock-file",
        "This file is @generated automatically"
    ],
    "hash": "0b640e820a16991355ef83b9592c317c",
    "content-hash": "77c2916f7552ca4900a56b4c4403dc80",
    "packages": [
        {
            "name": "facebook/php-sdk-v4",
            "version": "5.1.2",
            "source": {
                "type": "git",
                "url": "https://github.com/facebook/facebook-php-sdk-v4.git",
                "reference": "2c42fb3002953355f12d3c6e8003a9fd5af563d9"
            },
            "dist": {
                "type": "zip",
                "url": "https://api.github.com/repos/facebook/facebook-php-sdk-v4/zipball/2c42fb3002953355f12d3c6e8003a9fd5af563d9",
                "reference": "2c42fb3002953355f12d3c6e8003a9fd5af563d9",
                "shasum": ""
            },
            "require": {
                "ext-mbstring": "*",
                "php": ">=5.4.0"
            },
            "require-dev": {
                "guzzlehttp/guzzle": "~5.0",
                "mockery/mockery": "~0.8",
                "phpunit/phpunit": "~4.0"
            },
            "suggest": {
                "guzzlehttp/guzzle": "Allows for implementation of the Guzzle HTTP client"
            },
            "type": "library",
            "extra": {
                "branch-alias": {
                    "dev-master": "5.x-dev"
                }
            },
            "autoload": {
                "psr-4": {
                    "Facebook\\": "src/Facebook/"
                }
            },
            "notification-url": "https://packagist.org/downloads/",
            "license": [
                "Facebook Platform"
            ],
            "authors": [
                {
                    "name": "Facebook",
                    "homepage": "https://github.com/facebook/facebook-php-sdk-v4/contributors"
                }
            ],
            "description": "Facebook SDK for PHP",
            "homepage": "https://github.com/facebook/facebook-php-sdk-v4",
            "keywords": [
                "facebook",
                "sdk"
            ],
            "time": "2015-11-19 21:07:36"
        },
        {
            "name": "google/apiclient",
            "version": "1.1.7",
            "source": {
                "type": "git",
                "url": "https://github.com/google/google-api-php-client.git",
                "reference": "400f250a30ae1dd4c4a0a4f750fe973fc70e6311"
            },
            "dist": {
                "type": "zip",
                "url": "https://api.github.com/repos/google/google-api-php-client/zipball/400f250a30ae1dd4c4a0a4f750fe973fc70e6311",
                "reference": "400f250a30ae1dd4c4a0a4f750fe973fc70e6311",
                "shasum": ""
            },
            "require": {
                "php": ">=5.2.1"
            },
            "require-dev": {
                "phpunit/phpunit": "3.7.*",
                "squizlabs/php_codesniffer": "~2.3"
            },
            "type": "library",
            "extra": {
                "branch-alias": {
                    "dev-master": "1.1.x-dev"
                }
            },
            "autoload": {
                "classmap": [
                    "src/"
                ]
            },
            "notification-url": "https://packagist.org/downloads/",
            "license": [
                "Apache-2.0"
            ],
            "description": "Client library for Google APIs",
            "homepage": "http://developers.google.com/api-client-library/php",
            "keywords": [
                "google"
            ],
            "time": "2016-02-02 18:50:42"
        },
        {
            "name": "rapidwebltd/php-google-contacts-v3-api",
            "version": "dev-master",
            "source": {
                "type": "git",
                "url": "https://github.com/rapidwebltd/php-google-contacts-v3-api.git",
                "reference": "9bc62a045bb1525256f47d27476ba950ffd6ad30"
            },
            "dist": {
                "type": "zip",
                "url": "https://api.github.com/repos/rapidwebltd/php-google-contacts-v3-api/zipball/9bc62a045bb1525256f47d27476ba950ffd6ad30",
                "reference": "9bc62a045bb1525256f47d27476ba950ffd6ad30",
                "shasum": ""
            },
            "require": {
                "google/apiclient": ">=1.1.4 <2.0.0",
                "php": ">=5.2.1"
            },
            "type": "library",
            "autoload": {
                "psr-4": {
                    "rapidweb\\googlecontacts\\": "."
                }
            },
            "notification-url": "https://packagist.org/downloads/",
            "license": [
                "MIT"
            ],
            "description": "PHP library for the Google Contacts API (v3)",
            "homepage": "https://github.com/rapidwebltd/php-google-contacts-v3-api",
            "keywords": [
                "contacts",
                "google",
                "php"
            ],
            "time": "2015-11-27 09:30:58"
        },
        {
            "name": "whatsapp/chat-api",
            "version": "v2.5.4",
            "source": {
                "type": "git",
                "url": "https://github.com/mgp25/Chat-API.git",
                "reference": "538263cb7193c866403abf757cbf02ad21ba161c"
            },
            "dist": {
                "type": "zip",
                "url": "https://api.github.com/repos/mgp25/Chat-API/zipball/538263cb7193c866403abf757cbf02ad21ba161c",
                "reference": "538263cb7193c866403abf757cbf02ad21ba161c",
                "shasum": ""
            },
            "require": {
                "ext-curl": "*",
                "ext-gd": "*",
                "ext-mcrypt": "*",
                "ext-openssl": "*",
                "ext-pdo": "*",
                "ext-sockets": "*",
                "ext-sqlite3": "*",
                "php": ">=5.3"
            },
            "type": "library",
            "autoload": {
                "classmap": [
                    "src/"
                ]
            },
            "notification-url": "https://packagist.org/downloads/",
            "license": [
                "MIT"
            ],
            "authors": [
                {
                    "name": "Chat API Contributing Team",
                    "homepage": "https://github.com/WHAnonymous/Chat-API/graphs/contributors",
                    "role": "Contributors"
                }
            ],
            "description": "The PHP WhatsApp library",
            "keywords": [
                "Chat-API",
                "whatsapi",
                "whatsapp"
            ],
            "time": "2015-09-13 11:24:55"
        }
    ],
    "packages-dev": [],
    "aliases": [],
    "minimum-stability": "stable",
    "stability-flags": {
        "rapidwebltd/php-google-contacts-v3-api": 20
    },
    "prefer-stable": false,
    "prefer-lowest": false,
    "platform": [],
    "platform-dev": []
}
